{
  "version": 1,
  "dependencies": {
    "net10.0": {
      "Microsoft.AspNetCore.SignalR.Client": {
        "type": "Direct",
        "requested": "[10.0.9, )",
        "resolved": "10.0.9",
        "contentHash": "5qXD0QIuwrdBffdmnWZ9+E/+SEkANhjy93zVvYgNubTEN55WWfFHFtJWnq2t3kJCqzfsfVvrvlnjMNx4sFejJg==",
        "dependencies": {
          "Microsoft.AspNetCore.Http.Connections.Client": "10.0.9",
          "Microsoft.AspNetCore.SignalR.Client.Core": "10.0.9"
        }
      },
      "Microsoft.AspNetCore.SignalR.Protocols.Json": {
        "type": "Direct",
        "requested": "[10.0.9, )",
        "resolved": "10.0.9",
        "contentHash": "7btJLyBVnKAK1aQFwMzOD6e5Tj3T++0YxNslO1g99Dwj/rSyZQQVfH7TRgkfp/0Ts8C36f4TL8DTVsGROnj2Iw==",
        "dependencies": {
          "Microsoft.AspNetCore.SignalR.Common": "10.0.9"
        }
      },
      "Microsoft.AspNetCore.Connections.Abstractions": {
        "type": "Transitive",
        "resolved": "10.0.9",
        "contentHash": "ZaFRlgyrt90BwK33FARZfe1AgixWralQv0xgk2FZLia6tkXsh18KRCsCkpIJN/d3FF9yZ8WlCjpWKSihSvnNJA==",
        "dependencies": {
          "Microsoft.Extensions.Features": "10.0.9"
        }
      },
      "Microsoft.AspNetCore.Http.Connections.Client": {
        "type": "Transitive",
        "resolved": "10.0.9",
        "contentHash": "nE86FWSCy1Y11ks6uf199AtVMjwqKmYN061SEH1pGkXHDDlyZoBbRnM1NmNPZJXCSnS6xxv2oIEADmnWlorEBQ==",
        "dependencies": {
          "Microsoft.AspNetCore.Http.Connections.Common": "10.0.9",
          "Microsoft.Extensions.Logging.Abstractions": "10.0.9",
          "Microsoft.Extensions.Options": "10.0.9"
        }
      },
      "Microsoft.AspNetCore.Http.Connections.Common": {
        "type": "Transitive",
        "resolved": "10.0.9",
        "contentHash": "vHVmEsQ5BqmUrSt7FaWEWrMVCLM5xfDbvv/HrK0cr/XU0CqsulnnTMCr61hekfV0nHfNKVR6VibTNK7YKokRCg==",
        "dependencies": {
          "Microsoft.AspNetCore.Connections.Abstractions": "10.0.9"
        }
      },
      "Microsoft.AspNetCore.SignalR.Client.Core": {
        "type": "Transitive",
        "resolved": "10.0.9",
        "contentHash": "LxE3rdPQXV16eHCgcKh9E2itJAJQUxrY0pJ6AdOegdU+5sva1guODze9ziNaPQ0NwD6AEd6n8GROpmaLvjuChg==",
        "dependencies": {
          "Microsoft.AspNetCore.SignalR.Common": "10.0.9",
          "Microsoft.AspNetCore.SignalR.Protocols.Json": "10.0.9",
          "Microsoft.Extensions.DependencyInjection": "10.0.9",
          "Microsoft.Extensions.Logging": "10.0.9"
        }
      },
      "Microsoft.AspNetCore.SignalR.Common": {
        "type": "Transitive",
        "resolved": "10.0.9",
        "contentHash": "01IMA9xAM0YmRKXqwhpwXZWPxUHNxLisbeY4YCXLhqmyMigk7+Dw0PMYTcg0Zxakq1xPJbULgnT+r9bwBnka1w==",
        "dependencies": {
          "Microsoft.AspNetCore.Connections.Abstractions": "10.0.9",
          "Microsoft.Extensions.Options": "10.0.9"
        }
      },
      "Microsoft.Extensions.DependencyInjection": {
        "type": "Transitive",
        "resolved": "10.0.9",
        "contentHash": "NijozhERJDIaJ4k5TSMy1jOi0cSC2HfkvRD/Sl+kGSSKgVbFnF4GxgtMN/MrzHB8D1JxIrD4xSer9Blh9v3axQ==",
        "dependencies": {
          "Microsoft.Extensions.DependencyInjection.Abstractions": "10.0.9"
        }
      },
      "Microsoft.Extensions.DependencyInjection.Abstractions": {
        "type": "Transitive",
        "resolved": "10.0.9",
        "contentHash": "g41l/30G3K4B/d/L8kjux0+30e27c8D0FVQ/PFCpbekgfDpj9mnDhieP67EqXWvl1EWNeZh2rpR4F5B/jcDOHA=="
      },
      "Microsoft.Extensions.Features": {
        "type": "Transitive",
        "resolved": "10.0.9",
        "contentHash": "ohU5761fyZq7eSg0nLQMzHvCrGGGmyzgRzAGebHZlQ4D7/9v9uzPYJ/AUYcD5kNSiOWR34Ma4qGgKs0PUPrYZw=="
      },
      "Microsoft.Extensions.Logging": {
        "type": "Transitive",
        "resolved": "10.0.9",
        "contentHash": "N7Gm9SjugYjmmnhwbBKC9DFqGqjfJvh6YfOJgtwh0AW0Xpok3dIVors1ik050XmUxKAgAc7nNngDIJyFb06K2g==",
        "dependencies": {
          "Microsoft.Extensions.DependencyInjection": "10.0.9",
          "Microsoft.Extensions.Logging.Abstractions": "10.0.9",
          "Microsoft.Extensions.Options": "10.0.9"
        }
      },
      "Microsoft.Extensions.Logging.Abstractions": {
        "type": "Transitive",
        "resolved": "10.0.9",
        "contentHash": "9S/DFt4cohlMPpzIxjG6kk0L8MuN2vDm9pbMCulxtJzzk82oJHVLBd8vuQxaPskaYQwKqmFmbannf5eoChgjYg==",
        "dependencies": {
          "Microsoft.Extensions.DependencyInjection.Abstractions": "10.0.9"
        }
      },
      "Microsoft.Extensions.Options": {
        "type": "Transitive",
        "resolved": "10.0.9",
        "contentHash": "hyNdX4c2UwkRkzb9byw0H2DQkRzwBM3mzY2sCM9egwzTyg8dvQJmp5noQHGEaaCORQrNK3DD2gREBsc2DlXS4A==",
        "dependencies": {
          "Microsoft.Extensions.DependencyInjection.Abstractions": "10.0.9",
          "Microsoft.Extensions.Primitives": "10.0.9"
        }
      },
      "Microsoft.Extensions.Primitives": {
        "type": "Transitive",
        "resolved": "10.0.9",
        "contentHash": "fmEbAUFsaIKirgLt/lYhuFRBwhcSJN31jjHgCdbQxJiWOum6EdLjkbgGuukSP9z/a+9LibaxII/kF+GwOXgC4g=="
      }
    }
  }
}