
Microsoft Visual Studio Solution File, Format Version 12.00
# Visual Studio Version 17
VisualStudioVersion = 17.4.33110.190
MinimumVisualStudioVersion = 10.0.40219.1
Project("{9A19103F-16F7-4668-BE54-9A1E7A4F7556}") = "slsk-batchdl", "slsk-batchdl\slsk-batchdl.csproj", "{5AC3AC78-7D2D-413D-B075-9F6EED0D5B51}"
EndProject
Project("{9A19103F-16F7-4668-BE54-9A1E7A4F7556}") = "slsk-batchdl.Tests", "slsk-batchdl.Tests\slsk-batchdl.Tests.csproj", "{7E61E35A-1422-4C5B-91FD-F32CD3CC9631}"
EndProject
Project("{FAE04EC0-301F-11D3-BF4B-00C04F79EFBC}") = "slsk-batchdl.HelpGenerator", "slsk-batchdl.HelpGenerator\slsk-batchdl.HelpGenerator.csproj", "{45958D69-6760-FB92-8801-2EC47EC7997B}"
EndProject
Global
	GlobalSection(SolutionConfigurationPlatforms) = preSolution
		Debug|Any CPU = Debug|Any CPU
		Release|Any CPU = Release|Any CPU
	EndGlobalSection
	GlobalSection(ProjectConfigurationPlatforms) = postSolution
		{5AC3AC78-7D2D-413D-B075-9F6EED0D5B51}.Debug|Any CPU.ActiveCfg = Debug|Any CPU
		{5AC3AC78-7D2D-413D-B075-9F6EED0D5B51}.Debug|Any CPU.Build.0 = Debug|Any CPU
		{5AC3AC78-7D2D-413D-B075-9F6EED0D5B51}.Release|Any CPU.ActiveCfg = Release|Any CPU
		{5AC3AC78-7D2D-413D-B075-9F6EED0D5B51}.Release|Any CPU.Build.0 = Release|Any CPU
		{7E61E35A-1422-4C5B-91FD-F32CD3CC9631}.Debug|Any CPU.ActiveCfg = Debug|Any CPU
		{7E61E35A-1422-4C5B-91FD-F32CD3CC9631}.Debug|Any CPU.Build.0 = Debug|Any CPU
		{7E61E35A-1422-4C5B-91FD-F32CD3CC9631}.Release|Any CPU.ActiveCfg = Release|Any CPU
		{7E61E35A-1422-4C5B-91FD-F32CD3CC9631}.Release|Any CPU.Build.0 = Release|Any CPU
		{45958D69-6760-FB92-8801-2EC47EC7997B}.Debug|Any CPU.ActiveCfg = Debug|Any CPU
		{45958D69-6760-FB92-8801-2EC47EC7997B}.Debug|Any CPU.Build.0 = Debug|Any CPU
		{45958D69-6760-FB92-8801-2EC47EC7997B}.Release|Any CPU.ActiveCfg = Release|Any CPU
		{45958D69-6760-FB92-8801-2EC47EC7997B}.Release|Any CPU.Build.0 = Release|Any CPU
	EndGlobalSection
	GlobalSection(SolutionProperties) = preSolution
		HideSolutionNode = FALSE
	EndGlobalSection
	GlobalSection(ExtensibilityGlobals) = postSolution
		SolutionGuid = {0825949A-4DBB-41B9-B586-4E0DA6D54757}
	EndGlobalSection
EndGlobal
