{
  "version": 1,
  "dependencies": {
    "net10.0": {
      "BenchmarkDotNet": {
        "type": "Direct",
        "requested": "[0.15.8, )",
        "resolved": "0.15.8",
        "contentHash": "paCfrWxSeHqn3rUZc0spYXVFnHCF0nzRhG0nOLnyTjZYs8spsimBaaNmb3vwqvALKIplbYq/TF393vYiYSnh/Q==",
        "dependencies": {
          "BenchmarkDotNet.Annotations": "0.15.8",
          "CommandLineParser": "2.9.1",
          "Gee.External.Capstone": "2.3.0",
          "Iced": "1.21.0",
          "Microsoft.CodeAnalysis.CSharp": "4.14.0",
          "Microsoft.Diagnostics.Runtime": "3.1.512801",
          "Microsoft.Diagnostics.Tracing.TraceEvent": "3.1.21",
          "Microsoft.DotNet.PlatformAbstractions": "3.1.6",
          "Perfolizer": "[0.6.1]",
          "System.Management": "9.0.5"
        }
      },
      "AngleSharp": {
        "type": "Transitive",
        "resolved": "1.7.1",
        "contentHash": "QBblGpRB3SYD66Mls7fHyl1mWkP93n7ErWDWHc1vd9sPHhdlTkmUoY3CjgfjcWNxGF9m7xjNyztRfErXqoBKOA=="
      },
      "BenchmarkDotNet.Annotations": {
        "type": "Transitive",
        "resolved": "0.15.8",
        "contentHash": "hfucY0ycAsB0SsoaZcaAp9oq5wlWBJcylvEJb9pmvdYUx6PD6S4mDiYnZWjdjAlLhIpe/xtGCwzORfzAzPqvzA=="
      },
      "CommandLineParser": {
        "type": "Transitive",
        "resolved": "2.9.1",
        "contentHash": "OE0sl1/sQ37bjVsPKKtwQlWDgqaxWgtme3xZz7JssWUzg5JpMIyHgCTY9MVMxOg48fJ1AgGT3tgdH5m/kQ5xhA=="
      },
      "EmbedIO": {
        "type": "Transitive",
        "resolved": "3.5.2",
        "contentHash": "YU4j+3XvuO8/VPkNf7KWOF1TpMhnyVhXnPsG1mvnDhTJ9D5BZOFXVDvCpE/SkQ1AJ0Aa+dXOVSW3ntgmLL7aJg==",
        "dependencies": {
          "Unosquare.Swan.Lite": "3.1.0"
        }
      },
      "Gee.External.Capstone": {
        "type": "Transitive",
        "resolved": "2.3.0",
        "contentHash": "2ap/rYmjtzCOT8hxrnEW/QeiOt+paD8iRrIcdKX0cxVwWLFa1e+JDBNeECakmccXrSFeBQuu5AV8SNkipFMMMw=="
      },
      "Google.Apis": {
        "type": "Transitive",
        "resolved": "1.75.0",
        "contentHash": "ZqODi2IvyTBezeGztemXv6U/+VinyqxxPiyoW2CZbzIrUp+a35Rt5tzUjXHPXK9nA1YQi/w8ABpYQpBm31ditw==",
        "dependencies": {
          "Google.Apis.Core": "1.75.0"
        }
      },
      "Google.Apis.Auth": {
        "type": "Transitive",
        "resolved": "1.75.0",
        "contentHash": "hzuGwUBIQYdFkChXm62E5Suxe+q5PHt2uE5EunGBco2j01uQJGlUgzNujZvGHMlAIEHaytzhdn3v3v52ZPgv2Q==",
        "dependencies": {
          "Google.Apis": "1.75.0",
          "Google.Apis.Core": "1.75.0",
          "System.Management": "7.0.2"
        }
      },
      "Google.Apis.Core": {
        "type": "Transitive",
        "resolved": "1.75.0",
        "contentHash": "7AuI44XP4LzMFiOjdk4GCtCxJTIWZcjrXLeGjLYYSpTHHbiPkvm76XNym7zPOnD90sIg+zdTulg+I6D5W5spTQ==",
        "dependencies": {
          "Newtonsoft.Json": "13.0.4"
        }
      },
      "Google.Apis.YouTube.v3": {
        "type": "Transitive",
        "resolved": "1.75.0.4207",
        "contentHash": "TOKMObxt9Ba3mF76c9O7R29q30WB1lXB53lp8am8qAh4TNWKULKXpwmiPv5GhsGpnv7eR5cAqJUpo38yed/RoA==",
        "dependencies": {
          "Google.Apis": "1.75.0",
          "Google.Apis.Auth": "1.75.0"
        }
      },
      "HtmlAgilityPack": {
        "type": "Transitive",
        "resolved": "1.12.4",
        "contentHash": "ljqvBabvFwKoLniuoQKO8b5bJfJweKLs4fUNS/V5dsvpo0A8MlJqxxn9XVmP2DaskbUXty6IYaWAi1SArGIMeQ=="
      },
      "Iced": {
        "type": "Transitive",
        "resolved": "1.21.0",
        "contentHash": "dv5+81Q1TBQvVMSOOOmRcjJmvWcX3BZPZsIq31+RLc5cNft0IHAyNlkdb7ZarOWG913PyBoFDsDXoCIlKmLclg=="
      },
      "Microsoft.CodeAnalysis.Analyzers": {
        "type": "Transitive",
        "resolved": "3.11.0",
        "contentHash": "v/EW3UE8/lbEYHoC2Qq7AR/DnmvpgdtAMndfQNmpuIMx/Mto8L5JnuCfdBYtgvalQOtfNCnxFejxuRrryvUTsg=="
      },
      "Microsoft.CodeAnalysis.Common": {
        "type": "Transitive",
        "resolved": "4.14.0",
        "contentHash": "PC3tuwZYnC+idaPuoC/AZpEdwrtX7qFpmnrfQkgobGIWiYmGi5MCRtl5mx6QrfMGQpK78X2lfIEoZDLg/qnuHg==",
        "dependencies": {
          "Microsoft.CodeAnalysis.Analyzers": "3.11.0"
        }
      },
      "Microsoft.CodeAnalysis.CSharp": {
        "type": "Transitive",
        "resolved": "4.14.0",
        "contentHash": "568a6wcTivauIhbeWcCwfWwIn7UV7MeHEBvFB2uzGIpM2OhJ4eM/FZ8KS0yhPoNxnSpjGzz7x7CIjTxhslojQA==",
        "dependencies": {
          "Microsoft.CodeAnalysis.Analyzers": "3.11.0",
          "Microsoft.CodeAnalysis.Common": "[4.14.0]"
        }
      },
      "Microsoft.Diagnostics.NETCore.Client": {
        "type": "Transitive",
        "resolved": "0.2.510501",
        "contentHash": "juoqJYMDs+lRrrZyOkXXMImJHneCF23cuvO4waFRd2Ds7j+ZuGIPbJm0Y/zz34BdeaGiiwGWraMUlln05W1PCQ==",
        "dependencies": {
          "Microsoft.Extensions.Logging": "6.0.0"
        }
      },
      "Microsoft.Diagnostics.Runtime": {
        "type": "Transitive",
        "resolved": "3.1.512801",
        "contentHash": "0lMUDr2oxNZa28D6NH5BuSQEe5T9tZziIkvkD44YkkCGQXPJqvFjLq5ZQq1hYLl3RjQJrY+hR0jFgap+EWPDTw==",
        "dependencies": {
          "Microsoft.Diagnostics.NETCore.Client": "0.2.410101"
        }
      },
      "Microsoft.Diagnostics.Tracing.TraceEvent": {
        "type": "Transitive",
        "resolved": "3.1.21",
        "contentHash": "/OrJFKaojSR6TkUKtwh8/qA9XWNtxLrXMqvEb89dBSKCWjaGVTbKMYodIUgF5deCEtmd6GXuRerciXGl5bhZ7Q==",
        "dependencies": {
          "Microsoft.Diagnostics.NETCore.Client": "0.2.510501",
          "System.Reflection.TypeExtensions": "4.7.0"
        }
      },
      "Microsoft.DotNet.PlatformAbstractions": {
        "type": "Transitive",
        "resolved": "3.1.6",
        "contentHash": "jek4XYaQ/PGUwDKKhwR8K47Uh1189PFzMeLqO83mXrXQVIpARZCcfuDedH50YDTepBkfijCZN5U/vZi++erxtg=="
      },
      "Microsoft.Extensions.DependencyInjection": {
        "type": "Transitive",
        "resolved": "10.0.10",
        "contentHash": "ANyvsgkNBRvcJh2XLgn8veGmajf+8m0AbKK+HPWdRL1yraSNVVSmQhFntLtdz/C795jxqqup+k05cs/3jZQPOA==",
        "dependencies": {
          "Microsoft.Extensions.DependencyInjection.Abstractions": "10.0.10"
        }
      },
      "Microsoft.Extensions.DependencyInjection.Abstractions": {
        "type": "Transitive",
        "resolved": "10.0.10",
        "contentHash": "z/2xXlFw2aLGjHyEm6E0tQ+In6VfzQzTrtArbQ2c0TQE16ZbyDCMGPvaUT9I0s8rgy9sRWlU2P9waW37qV04qA=="
      },
      "Microsoft.Extensions.Logging": {
        "type": "Transitive",
        "resolved": "10.0.10",
        "contentHash": "Tf6z5HsL0VDYRTfvsoNrTGHGheCwkTsZBA2FFh5ATJUbkAwug+FFNISJK2gjpUNemlAOoWllAK52HOWCjto3EQ==",
        "dependencies": {
          "Microsoft.Extensions.DependencyInjection": "10.0.10",
          "Microsoft.Extensions.Logging.Abstractions": "10.0.10",
          "Microsoft.Extensions.Options": "10.0.10"
        }
      },
      "Microsoft.Extensions.Logging.Abstractions": {
        "type": "Transitive",
        "resolved": "10.0.10",
        "contentHash": "zkFxGYUvdxAvIKTyXHrmW+Sux53D4SezD9dMyZ6hrwwzPQJNuwCRy1f5W7AvYTqacEGhWF2XderRQG1OvbV8og==",
        "dependencies": {
          "Microsoft.Extensions.DependencyInjection.Abstractions": "10.0.10"
        }
      },
      "Microsoft.Extensions.Options": {
        "type": "Transitive",
        "resolved": "10.0.10",
        "contentHash": "srnhnk7nE8krBiIXp71LvBmKBtraBONWSRzdjJgRv1Ko9Mp8IVNqv4vIS9hGeVteBig8aQkva9ZG+sC+o5sVcA==",
        "dependencies": {
          "Microsoft.Extensions.DependencyInjection.Abstractions": "10.0.10",
          "Microsoft.Extensions.Primitives": "10.0.10"
        }
      },
      "Microsoft.Extensions.Primitives": {
        "type": "Transitive",
        "resolved": "10.0.10",
        "contentHash": "5wu/GrYVd8mG2DVUw3vFJzF+O336TyTGg/Kmcgw9bfwYhCoFiV5lR5QeEmKecJyrW4W54nMfD3p3589E8a7czQ=="
      },
      "Newtonsoft.Json": {
        "type": "Transitive",
        "resolved": "13.0.4",
        "contentHash": "pdgNNMai3zv51W5aq268sujXUyx7SNdE2bj1wZcWjAQrKMFZV260lbqYop1d2GM67JI1huLRwxo9ZqnfF/lC6A=="
      },
      "Perfolizer": {
        "type": "Transitive",
        "resolved": "0.6.1",
        "contentHash": "CR1QmWg4XYBd1Pb7WseP+sDmV8nGPwvmowKynExTqr3OuckIGVMhvmN4LC5PGzfXqDlR295+hz/T7syA1CxEqA==",
        "dependencies": {
          "Pragmastat": "3.2.4"
        }
      },
      "Pragmastat": {
        "type": "Transitive",
        "resolved": "3.2.4",
        "contentHash": "I5qFifWw/gaTQT52MhzjZpkm/JPlfjSeO/DTZJjO7+hTKI+0aGRgOgZ3NN6D96dDuuqbIAZSeA5RimtHjqrA2A=="
      },
      "SmallestCSVParser": {
        "type": "Transitive",
        "resolved": "1.2.0",
        "contentHash": "yCc84rzTlnXPEJnrMo7QQUXcnG0em1NAN7BQZxhksvxUo7SGnTW+ya86R34q3EwoUV+hZ4ZoRiLAyEmY7254hA=="
      },
      "Soulseek": {
        "type": "Transitive",
        "resolved": "10.0.2",
        "contentHash": "A28TCGK2PDUXohKXCRTjU+hECLrF1IM9fkHcbF4WgP++OTPlngHDlDSp243LZ2x2O7l7RDypYtUYrsRgre5xoA=="
      },
      "SpotifyAPI.Web": {
        "type": "Transitive",
        "resolved": "7.4.2",
        "contentHash": "DxyIO+oxI7gyqyGJ5QzVWf31JInRDRhqGtTXIKX6HUJBie+aR+OuB4bFSYWNVO6GL4V+Tm3PQBKNBa+UJzchOA==",
        "dependencies": {
          "Newtonsoft.Json": "13.0.3"
        }
      },
      "SpotifyAPI.Web.Auth": {
        "type": "Transitive",
        "resolved": "7.4.2",
        "contentHash": "+Og2S4d8Q/lrZsBXlgPt0FieigtzVHj1Lg6+eDF+5RwVpKsfwQjW7aVfaDyktVCo56T2qOBjbqC/XluIxXGJgQ==",
        "dependencies": {
          "EmbedIO": "3.5.2",
          "SpotifyAPI.Web": "7.4.2"
        }
      },
      "System.CodeDom": {
        "type": "Transitive",
        "resolved": "9.0.5",
        "contentHash": "cuzLM2MWutf9ZBEMPYYfd0DXwYdvntp7VCT6a/wvbKCa2ZuvGmW74xi+YBa2mrfEieAXqM4TNKlMmSnfAfpUoQ=="
      },
      "System.Management": {
        "type": "Transitive",
        "resolved": "9.0.5",
        "contentHash": "n6o9PZm9p25+zAzC3/48K0oHnaPKTInRrxqFq1fi/5TPbMLjuoCm/h//mS3cUmSy+9AO1Z+qsC/Ilt/ZFatv5Q==",
        "dependencies": {
          "System.CodeDom": "9.0.5"
        }
      },
      "System.Reflection.TypeExtensions": {
        "type": "Transitive",
        "resolved": "4.7.0",
        "contentHash": "VybpaOQQhqE6siHppMktjfGBw1GCwvCqiufqmP8F1nj7fTUNtW35LOEt3UZTEsECfo+ELAl/9o9nJx3U91i7vA=="
      },
      "TagLibSharp": {
        "type": "Transitive",
        "resolved": "2.3.0",
        "contentHash": "Qo4z6ZjnIfbR3Us1Za5M2vQ97OWZPmODvVmepxZ8XW0UIVLGdO2T63/N3b23kCcyiwuIe0TQvMEQG8wUCCD1mA=="
      },
      "Unosquare.Swan.Lite": {
        "type": "Transitive",
        "resolved": "3.1.0",
        "contentHash": "X3s5QE/KMj3WAPFqFve7St+Ds10BB50u8kW8PmKIn7FVkn7yEXe9Yxr2htt1WV85DRqfFR0MN/BUNHkGHtL4OQ=="
      },
      "YoutubeExplode": {
        "type": "Transitive",
        "resolved": "6.6.1",
        "contentHash": "9sVVl1n/YqzVN4olebZuZgMdhNCuYXOUt9KPhyivi90QIfm8QQt7GoTQtPpMJCtON6QUCUGZubBxK2xwlGHRMg=="
      },
      "sockseek.core": {
        "type": "Project",
        "dependencies": {
          "AngleSharp": "[1.7.1, )",
          "Google.Apis.YouTube.v3": "[1.75.0.4207, )",
          "HtmlAgilityPack": "[1.12.4, )",
          "Microsoft.Extensions.Logging": "[10.0.10, )",
          "SmallestCSVParser": "[1.2.0, )",
          "Soulseek": "[10.0.2, )",
          "SpotifyAPI.Web": "[7.4.2, )",
          "SpotifyAPI.Web.Auth": "[7.4.2, )",
          "TagLibSharp": "[2.3.0, )",
          "YoutubeExplode": "[6.6.1, )"
        }
      }
    }
  }
}