{
  "version": 1,
  "dependencies": {
    "net10.0": {
      "Microsoft.AspNetCore.OpenApi": {
        "type": "Direct",
        "requested": "[10.0.9, )",
        "resolved": "10.0.9",
        "contentHash": "1ihb8FO9cGgEK1/m3CTtT/SfnynwmiZib0W2pcDVj3KSWk/Sca4VOXEtaptKQc582zpFrzTFiwkGRCglt6H+WQ==",
        "dependencies": {
          "Microsoft.OpenApi": "2.0.0"
        }
      },
      "Microsoft.Extensions.ApiDescription.Server": {
        "type": "Direct",
        "requested": "[10.0.9, )",
        "resolved": "10.0.9",
        "contentHash": "n1m7EAbCbHMGiTy++F+mLSan4MrZe0t00XEpJrkai6BFpB6lwEcirflI9FiMm4G4u55h/2RnWToYBDwS+MnN6g=="
      },
      "Microsoft.OpenApi": {
        "type": "Direct",
        "requested": "[2.9.0, )",
        "resolved": "2.9.0",
        "contentHash": "uS2awDkgUvVhd735HEcNcOQdwbIDCAK3V1QzgWoszd/FPDLLVv9eF+fImmdJiGLIKKWJv2DMJQ7OSR9gYLd+uw=="
      },
      "AngleSharp": {
        "type": "Transitive",
        "resolved": "1.4.0",
        "contentHash": "6ph8mpaQx0KL0COYRt0kI8MB9gSp1PtKijKMhJU//+aVFgKAJLKDesG/+26JSaVCOrHNgPf12wpfoyRcMYOeXg=="
      },
      "EmbedIO": {
        "type": "Transitive",
        "resolved": "3.5.2",
        "contentHash": "YU4j+3XvuO8/VPkNf7KWOF1TpMhnyVhXnPsG1mvnDhTJ9D5BZOFXVDvCpE/SkQ1AJ0Aa+dXOVSW3ntgmLL7aJg==",
        "dependencies": {
          "Unosquare.Swan.Lite": "3.1.0"
        }
      },
      "Google.Apis": {
        "type": "Transitive",
        "resolved": "1.75.0",
        "contentHash": "ZqODi2IvyTBezeGztemXv6U/+VinyqxxPiyoW2CZbzIrUp+a35Rt5tzUjXHPXK9nA1YQi/w8ABpYQpBm31ditw==",
        "dependencies": {
          "Google.Apis.Core": "1.75.0"
        }
      },
      "Google.Apis.Auth": {
        "type": "Transitive",
        "resolved": "1.75.0",
        "contentHash": "hzuGwUBIQYdFkChXm62E5Suxe+q5PHt2uE5EunGBco2j01uQJGlUgzNujZvGHMlAIEHaytzhdn3v3v52ZPgv2Q==",
        "dependencies": {
          "Google.Apis": "1.75.0",
          "Google.Apis.Core": "1.75.0",
          "System.Management": "7.0.2"
        }
      },
      "Google.Apis.Core": {
        "type": "Transitive",
        "resolved": "1.75.0",
        "contentHash": "7AuI44XP4LzMFiOjdk4GCtCxJTIWZcjrXLeGjLYYSpTHHbiPkvm76XNym7zPOnD90sIg+zdTulg+I6D5W5spTQ==",
        "dependencies": {
          "Newtonsoft.Json": "13.0.4"
        }
      },
      "Google.Apis.YouTube.v3": {
        "type": "Transitive",
        "resolved": "1.75.0.4176",
        "contentHash": "Q5Hc5Qwg9EOc9OBvowxj93Nb1hx4kKbXC2ohbDclVSx1uIvyqbZtA4bDGaCCxGgq+BUyyaGSCloJqRqk+X7Y6g==",
        "dependencies": {
          "Google.Apis": "1.75.0",
          "Google.Apis.Auth": "1.75.0"
        }
      },
      "HtmlAgilityPack": {
        "type": "Transitive",
        "resolved": "1.12.4",
        "contentHash": "ljqvBabvFwKoLniuoQKO8b5bJfJweKLs4fUNS/V5dsvpo0A8MlJqxxn9XVmP2DaskbUXty6IYaWAi1SArGIMeQ=="
      },
      "JsonExtensions": {
        "type": "Transitive",
        "resolved": "1.2.0",
        "contentHash": "ujtrK6m5BQVQLEteLfl54upN7Z59c1ZqEKmU3OlYriqnV74dIgIlNM2vkcgn2AuZEItQDNORD/2H1biI/asOdg=="
      },
      "Newtonsoft.Json": {
        "type": "Transitive",
        "resolved": "13.0.4",
        "contentHash": "pdgNNMai3zv51W5aq268sujXUyx7SNdE2bj1wZcWjAQrKMFZV260lbqYop1d2GM67JI1huLRwxo9ZqnfF/lC6A=="
      },
      "SmallestCSVParser": {
        "type": "Transitive",
        "resolved": "1.2.0",
        "contentHash": "yCc84rzTlnXPEJnrMo7QQUXcnG0em1NAN7BQZxhksvxUo7SGnTW+ya86R34q3EwoUV+hZ4ZoRiLAyEmY7254hA=="
      },
      "Soulseek": {
        "type": "Transitive",
        "resolved": "10.0.2",
        "contentHash": "A28TCGK2PDUXohKXCRTjU+hECLrF1IM9fkHcbF4WgP++OTPlngHDlDSp243LZ2x2O7l7RDypYtUYrsRgre5xoA=="
      },
      "SpotifyAPI.Web": {
        "type": "Transitive",
        "resolved": "7.4.2",
        "contentHash": "DxyIO+oxI7gyqyGJ5QzVWf31JInRDRhqGtTXIKX6HUJBie+aR+OuB4bFSYWNVO6GL4V+Tm3PQBKNBa+UJzchOA==",
        "dependencies": {
          "Newtonsoft.Json": "13.0.3"
        }
      },
      "SpotifyAPI.Web.Auth": {
        "type": "Transitive",
        "resolved": "7.4.2",
        "contentHash": "+Og2S4d8Q/lrZsBXlgPt0FieigtzVHj1Lg6+eDF+5RwVpKsfwQjW7aVfaDyktVCo56T2qOBjbqC/XluIxXGJgQ==",
        "dependencies": {
          "EmbedIO": "3.5.2",
          "SpotifyAPI.Web": "7.4.2"
        }
      },
      "System.CodeDom": {
        "type": "Transitive",
        "resolved": "7.0.0",
        "contentHash": "GLltyqEsE5/3IE+zYRP5sNa1l44qKl9v+bfdMcwg+M9qnQf47wK3H0SUR/T+3N4JEQXF3vV4CSuuo0rsg+nq2A=="
      },
      "System.Management": {
        "type": "Transitive",
        "resolved": "7.0.2",
        "contentHash": "/qEUN91mP/MUQmJnM5y5BdT7ZoPuVrtxnFlbJ8a3kBJGhe2wCzBfnPFtK2wTtEEcf3DMGR9J00GZZfg6HRI6yA==",
        "dependencies": {
          "System.CodeDom": "7.0.0"
        }
      },
      "TagLibSharp": {
        "type": "Transitive",
        "resolved": "2.3.0",
        "contentHash": "Qo4z6ZjnIfbR3Us1Za5M2vQ97OWZPmODvVmepxZ8XW0UIVLGdO2T63/N3b23kCcyiwuIe0TQvMEQG8wUCCD1mA=="
      },
      "Unosquare.Swan.Lite": {
        "type": "Transitive",
        "resolved": "3.1.0",
        "contentHash": "X3s5QE/KMj3WAPFqFve7St+Ds10BB50u8kW8PmKIn7FVkn7yEXe9Yxr2htt1WV85DRqfFR0MN/BUNHkGHtL4OQ=="
      },
      "YoutubeExplode": {
        "type": "Transitive",
        "resolved": "6.6.0",
        "contentHash": "DCFAmPvADs/ZB3pB24kLFzVY/1o6iECqJ7IL9LKi4zkSZLgcXDwFbOJe3vd2K3FBw36Xa3O/QMv10zelT7hjfA==",
        "dependencies": {
          "AngleSharp": "1.4.0",
          "JsonExtensions": "1.2.0"
        }
      },
      "sockseek.api": {
        "type": "Project",
        "dependencies": {
          "Sockseek.Core": "[3.0.4, )"
        }
      },
      "sockseek.core": {
        "type": "Project",
        "dependencies": {
          "Google.Apis.YouTube.v3": "[1.75.0.4176, )",
          "HtmlAgilityPack": "[1.12.4, )",
          "SmallestCSVParser": "[1.2.0, )",
          "Soulseek": "[10.0.2, )",
          "SpotifyAPI.Web": "[7.4.2, )",
          "SpotifyAPI.Web.Auth": "[7.4.2, )",
          "TagLibSharp": "[2.3.0, )",
          "YoutubeExplode": "[6.6.0, )"
        }
      }
    }
  }
}