{
  "version": 1,
  "dependencies": {
    "net10.0": {
      "Microsoft.AspNetCore.SignalR.Client": {
        "type": "Direct",
        "requested": "[10.0.10, )",
        "resolved": "10.0.10",
        "contentHash": "g4MtTk+83S4phUGVvilHgKWa0gfX9qhnRQGIaeq7Kgz3MIAHkPt1h9XnlK3bRTPcsDVFuKhb7rKAtFvxl7NtDQ==",
        "dependencies": {
          "Microsoft.AspNetCore.Http.Connections.Client": "10.0.10",
          "Microsoft.AspNetCore.SignalR.Client.Core": "10.0.10"
        }
      },
      "Microsoft.AspNetCore.SignalR.Protocols.Json": {
        "type": "Direct",
        "requested": "[10.0.10, )",
        "resolved": "10.0.10",
        "contentHash": "n/O6U+WCOurES0EmsMfd//S8QerLv1/n8tswbuH9s4JV45oM2xj0xXu+fSfIh+pzUD00MUh8PY7utlOWF53KWQ==",
        "dependencies": {
          "Microsoft.AspNetCore.SignalR.Common": "10.0.10"
        }
      },
      "Microsoft.EntityFrameworkCore.Sqlite": {
        "type": "Direct",
        "requested": "[10.0.9, )",
        "resolved": "10.0.9",
        "contentHash": "HH9/nnRF/YmRrc3hUlgXjMBYKH5kFmd5UWC81l9U0ySQhwHTcgvDPSewB8DyQHzFJzNGgG7VFK6ynC6+XQz9WA==",
        "dependencies": {
          "Microsoft.EntityFrameworkCore.Sqlite.Core": "10.0.9",
          "Microsoft.Extensions.Caching.Memory": "10.0.9",
          "Microsoft.Extensions.Configuration.Abstractions": "10.0.9",
          "Microsoft.Extensions.DependencyModel": "10.0.9",
          "Microsoft.Extensions.Logging": "10.0.9",
          "SQLitePCLRaw.bundle_e_sqlite3": "2.1.11",
          "SQLitePCLRaw.core": "2.1.11"
        }
      },
      "Spectre.Console": {
        "type": "Direct",
        "requested": "[0.54.0, )",
        "resolved": "0.54.0",
        "contentHash": "StDXCFayfy0yB1xzUHT2tgEpV1/HFTiS4JgsAQS49EYTfMixSwwucaQs/bIOCwXjWwIQTMuxjUIxcB5XsJkFJA=="
      },
      "SQLitePCLRaw.lib.e_sqlite3": {
        "type": "Direct",
        "requested": "[3.53.3, )",
        "resolved": "3.53.3",
        "contentHash": "ZXiSbBkrlw2Of/dBqny/qtQol7dlThrUD8zH/jkQicCFm2yn2BbhKsQW0+YHAzhANWz4ZJCz7gvo88BwluVhkA=="
      },
      "AngleSharp": {
        "type": "Transitive",
        "resolved": "1.7.1",
        "contentHash": "QBblGpRB3SYD66Mls7fHyl1mWkP93n7ErWDWHc1vd9sPHhdlTkmUoY3CjgfjcWNxGF9m7xjNyztRfErXqoBKOA=="
      },
      "EmbedIO": {
        "type": "Transitive",
        "resolved": "3.5.2",
        "contentHash": "YU4j+3XvuO8/VPkNf7KWOF1TpMhnyVhXnPsG1mvnDhTJ9D5BZOFXVDvCpE/SkQ1AJ0Aa+dXOVSW3ntgmLL7aJg==",
        "dependencies": {
          "Unosquare.Swan.Lite": "3.1.0"
        }
      },
      "Google.Apis": {
        "type": "Transitive",
        "resolved": "1.75.0",
        "contentHash": "ZqODi2IvyTBezeGztemXv6U/+VinyqxxPiyoW2CZbzIrUp+a35Rt5tzUjXHPXK9nA1YQi/w8ABpYQpBm31ditw==",
        "dependencies": {
          "Google.Apis.Core": "1.75.0"
        }
      },
      "Google.Apis.Auth": {
        "type": "Transitive",
        "resolved": "1.75.0",
        "contentHash": "hzuGwUBIQYdFkChXm62E5Suxe+q5PHt2uE5EunGBco2j01uQJGlUgzNujZvGHMlAIEHaytzhdn3v3v52ZPgv2Q==",
        "dependencies": {
          "Google.Apis": "1.75.0",
          "Google.Apis.Core": "1.75.0",
          "System.Management": "7.0.2"
        }
      },
      "Google.Apis.Core": {
        "type": "Transitive",
        "resolved": "1.75.0",
        "contentHash": "7AuI44XP4LzMFiOjdk4GCtCxJTIWZcjrXLeGjLYYSpTHHbiPkvm76XNym7zPOnD90sIg+zdTulg+I6D5W5spTQ==",
        "dependencies": {
          "Newtonsoft.Json": "13.0.4"
        }
      },
      "Google.Apis.YouTube.v3": {
        "type": "Transitive",
        "resolved": "1.75.0.4207",
        "contentHash": "TOKMObxt9Ba3mF76c9O7R29q30WB1lXB53lp8am8qAh4TNWKULKXpwmiPv5GhsGpnv7eR5cAqJUpo38yed/RoA==",
        "dependencies": {
          "Google.Apis": "1.75.0",
          "Google.Apis.Auth": "1.75.0"
        }
      },
      "HtmlAgilityPack": {
        "type": "Transitive",
        "resolved": "1.12.4",
        "contentHash": "ljqvBabvFwKoLniuoQKO8b5bJfJweKLs4fUNS/V5dsvpo0A8MlJqxxn9XVmP2DaskbUXty6IYaWAi1SArGIMeQ=="
      },
      "Microsoft.AspNetCore.Connections.Abstractions": {
        "type": "Transitive",
        "resolved": "10.0.10",
        "contentHash": "oXFVxDMZeUSCVGRyZsZAIJIrKVNayMstMfBrNOkPWJvxePziwmTGfx3+HPlf5bnwYxt6oq/FKduCoTIXXMNf1A==",
        "dependencies": {
          "Microsoft.Extensions.Features": "10.0.10"
        }
      },
      "Microsoft.AspNetCore.Http.Connections.Client": {
        "type": "Transitive",
        "resolved": "10.0.10",
        "contentHash": "85adEQWKkB+d0fevCrToFlN99hhPfBPT7ZluCzrakxp8u63kKuA/5Wt9gRs0x6AMDOW6rOOJhh2TnCKlPeGq6g==",
        "dependencies": {
          "Microsoft.AspNetCore.Http.Connections.Common": "10.0.10",
          "Microsoft.Extensions.Logging.Abstractions": "10.0.10",
          "Microsoft.Extensions.Options": "10.0.10"
        }
      },
      "Microsoft.AspNetCore.Http.Connections.Common": {
        "type": "Transitive",
        "resolved": "10.0.10",
        "contentHash": "hPuO+G0LWlO3kQDispgYjJrj2J5D1n8QdLugnTM4Q51D+quliennt+bH6S87iOVhcsXI+ve2k0K0vd9VcHtnag==",
        "dependencies": {
          "Microsoft.AspNetCore.Connections.Abstractions": "10.0.10"
        }
      },
      "Microsoft.AspNetCore.OpenApi": {
        "type": "Transitive",
        "resolved": "10.0.10",
        "contentHash": "d4Atx9IHq7JgX0F/h7Db+m9zAUzC+cKdI9k+OWnnyQIOUQtfvjIEuhvbjPigVMkAmPUgCbJ8Yp6M9ghUqHtJSQ==",
        "dependencies": {
          "Microsoft.OpenApi": "2.0.0"
        }
      },
      "Microsoft.AspNetCore.SignalR.Client.Core": {
        "type": "Transitive",
        "resolved": "10.0.10",
        "contentHash": "1y+34HyOpeSUkkKKaQdXARnYtQLObre7GJoPK3TYbQJYe5GqXamL17WuEroX7EBDWzmTCylSc8QNMXXerGiirw==",
        "dependencies": {
          "Microsoft.AspNetCore.SignalR.Common": "10.0.10",
          "Microsoft.AspNetCore.SignalR.Protocols.Json": "10.0.10",
          "Microsoft.Extensions.DependencyInjection": "10.0.10",
          "Microsoft.Extensions.Logging": "10.0.10"
        }
      },
      "Microsoft.AspNetCore.SignalR.Common": {
        "type": "Transitive",
        "resolved": "10.0.10",
        "contentHash": "X0bTYSNXyLeOHbS4HbF1x4aXFUxgu35CyUgAuCJGpZcRz2wwftRbeJ6v17wlUm7Dzvbbo5Dvff5arwY2tDHYBg==",
        "dependencies": {
          "Microsoft.AspNetCore.Connections.Abstractions": "10.0.10",
          "Microsoft.Extensions.Options": "10.0.10"
        }
      },
      "Microsoft.Data.Sqlite.Core": {
        "type": "Transitive",
        "resolved": "10.0.9",
        "contentHash": "iZrONyMKPjxfVZnUktqO30QjzNwAGH+AxM61s8lKQnVhgbQ3bn0hiXI129ZmVicEbIcwljyy2OVsIYUR51ZHKQ==",
        "dependencies": {
          "SQLitePCLRaw.core": "2.1.11"
        }
      },
      "Microsoft.EntityFrameworkCore": {
        "type": "Transitive",
        "resolved": "10.0.9",
        "contentHash": "tu85SRzOT021V7EQlViCiAE7TqldVn469Y6lt5TEn/+XC4/MeNCHgMRSxqYuWqvF4zAQZUhCmtNEZuM3ss4LeA==",
        "dependencies": {
          "Microsoft.EntityFrameworkCore.Abstractions": "10.0.9",
          "Microsoft.EntityFrameworkCore.Analyzers": "10.0.9",
          "Microsoft.Extensions.Caching.Memory": "10.0.9",
          "Microsoft.Extensions.Logging": "10.0.9"
        }
      },
      "Microsoft.EntityFrameworkCore.Abstractions": {
        "type": "Transitive",
        "resolved": "10.0.9",
        "contentHash": "GRMaiPkqYna/gCsyDffYDWmefGPC3hDrdMw+2rrGcQwhs6uZOsaMQXMJnoXQ35tx9SkBV2ieRRU9N/jLOO6BZw=="
      },
      "Microsoft.EntityFrameworkCore.Analyzers": {
        "type": "Transitive",
        "resolved": "10.0.9",
        "contentHash": "aiEFB+C5EsZGqxvMPazE07hbWsp4iPaufJpanGt5O+lrwv7mJLrqma5haVIgFAPCyhQkmk75XSCEubT1zUjxtA=="
      },
      "Microsoft.EntityFrameworkCore.Relational": {
        "type": "Transitive",
        "resolved": "10.0.9",
        "contentHash": "dEoyYKgiaZHHgOFm1WMWm1sFEsEuhPWufX4L9PekKtqd/RaIcPjkCjvbrVvJtApErb5wPSJhYvnTlxhH+p9h2g==",
        "dependencies": {
          "Microsoft.EntityFrameworkCore": "10.0.9",
          "Microsoft.Extensions.Caching.Memory": "10.0.9",
          "Microsoft.Extensions.Configuration.Abstractions": "10.0.9",
          "Microsoft.Extensions.Logging": "10.0.9"
        }
      },
      "Microsoft.EntityFrameworkCore.Sqlite.Core": {
        "type": "Transitive",
        "resolved": "10.0.9",
        "contentHash": "3bPEmACAaPJJSw+m5XwTSi3yZnVtaifa4d8gLsNMzW0Qu28jS5kADSfgJRBlq49RJ1K098VCzEDRJwM8gE6f2w==",
        "dependencies": {
          "Microsoft.Data.Sqlite.Core": "10.0.9",
          "Microsoft.EntityFrameworkCore.Relational": "10.0.9",
          "Microsoft.Extensions.Caching.Memory": "10.0.9",
          "Microsoft.Extensions.Configuration.Abstractions": "10.0.9",
          "Microsoft.Extensions.DependencyModel": "10.0.9",
          "Microsoft.Extensions.Logging": "10.0.9",
          "SQLitePCLRaw.core": "2.1.11"
        }
      },
      "Microsoft.Extensions.Caching.Abstractions": {
        "type": "Transitive",
        "resolved": "10.0.9",
        "contentHash": "5fGxcw2vuYp8s0wio9H1ECiuk4iKSdTIlNuigdLIrkhg+5XAwgFVDB/5Ots3pfN/QhABLYXutA79JFtnUKDSHA==",
        "dependencies": {
          "Microsoft.Extensions.Primitives": "10.0.9"
        }
      },
      "Microsoft.Extensions.Caching.Memory": {
        "type": "Transitive",
        "resolved": "10.0.9",
        "contentHash": "G9mregdatGWMCQWeCw012LDeJVP7G/XIxH8Ddbjc8bD1//dA+8VVQdcRE9jI1moyoJxSSZhHITUnNQ8FUDl5+Q==",
        "dependencies": {
          "Microsoft.Extensions.Caching.Abstractions": "10.0.9",
          "Microsoft.Extensions.DependencyInjection.Abstractions": "10.0.9",
          "Microsoft.Extensions.Logging.Abstractions": "10.0.9",
          "Microsoft.Extensions.Options": "10.0.9",
          "Microsoft.Extensions.Primitives": "10.0.9"
        }
      },
      "Microsoft.Extensions.Configuration.Abstractions": {
        "type": "Transitive",
        "resolved": "10.0.9",
        "contentHash": "qGhRPd3VxfLV9UqatVOiD9mAeUbj2KiMwGFYC5uXlzExiZQoe4X/hdmzGIU7BQjNLTqCnnbTHVyBglG3668/HA==",
        "dependencies": {
          "Microsoft.Extensions.Primitives": "10.0.9"
        }
      },
      "Microsoft.Extensions.DependencyInjection": {
        "type": "Transitive",
        "resolved": "10.0.10",
        "contentHash": "ANyvsgkNBRvcJh2XLgn8veGmajf+8m0AbKK+HPWdRL1yraSNVVSmQhFntLtdz/C795jxqqup+k05cs/3jZQPOA==",
        "dependencies": {
          "Microsoft.Extensions.DependencyInjection.Abstractions": "10.0.10"
        }
      },
      "Microsoft.Extensions.DependencyInjection.Abstractions": {
        "type": "Transitive",
        "resolved": "10.0.10",
        "contentHash": "z/2xXlFw2aLGjHyEm6E0tQ+In6VfzQzTrtArbQ2c0TQE16ZbyDCMGPvaUT9I0s8rgy9sRWlU2P9waW37qV04qA=="
      },
      "Microsoft.Extensions.DependencyModel": {
        "type": "Transitive",
        "resolved": "10.0.9",
        "contentHash": "SCDTQ6HubnRvTUjR7dgMKHZvNoCb03t44ttHL8trlFTGgfDteWn/0nRdOxDhcI+lTWhKgd/flCVJEtAOPhSLNg=="
      },
      "Microsoft.Extensions.Features": {
        "type": "Transitive",
        "resolved": "10.0.10",
        "contentHash": "4Zdm7n1vxXAXpHOhGQVpGd5KCdcI1EWk66ilgdrDt2I+928ND+u/F+EVrzYi9pmRR+XeAE47kjuVEmkP0b0mBw=="
      },
      "Microsoft.Extensions.Logging": {
        "type": "Transitive",
        "resolved": "10.0.10",
        "contentHash": "Tf6z5HsL0VDYRTfvsoNrTGHGheCwkTsZBA2FFh5ATJUbkAwug+FFNISJK2gjpUNemlAOoWllAK52HOWCjto3EQ==",
        "dependencies": {
          "Microsoft.Extensions.DependencyInjection": "10.0.10",
          "Microsoft.Extensions.Logging.Abstractions": "10.0.10",
          "Microsoft.Extensions.Options": "10.0.10"
        }
      },
      "Microsoft.Extensions.Logging.Abstractions": {
        "type": "Transitive",
        "resolved": "10.0.10",
        "contentHash": "zkFxGYUvdxAvIKTyXHrmW+Sux53D4SezD9dMyZ6hrwwzPQJNuwCRy1f5W7AvYTqacEGhWF2XderRQG1OvbV8og==",
        "dependencies": {
          "Microsoft.Extensions.DependencyInjection.Abstractions": "10.0.10"
        }
      },
      "Microsoft.Extensions.Options": {
        "type": "Transitive",
        "resolved": "10.0.10",
        "contentHash": "srnhnk7nE8krBiIXp71LvBmKBtraBONWSRzdjJgRv1Ko9Mp8IVNqv4vIS9hGeVteBig8aQkva9ZG+sC+o5sVcA==",
        "dependencies": {
          "Microsoft.Extensions.DependencyInjection.Abstractions": "10.0.10",
          "Microsoft.Extensions.Primitives": "10.0.10"
        }
      },
      "Microsoft.Extensions.Primitives": {
        "type": "Transitive",
        "resolved": "10.0.10",
        "contentHash": "5wu/GrYVd8mG2DVUw3vFJzF+O336TyTGg/Kmcgw9bfwYhCoFiV5lR5QeEmKecJyrW4W54nMfD3p3589E8a7czQ=="
      },
      "Microsoft.OpenApi": {
        "type": "Transitive",
        "resolved": "2.9.0",
        "contentHash": "uS2awDkgUvVhd735HEcNcOQdwbIDCAK3V1QzgWoszd/FPDLLVv9eF+fImmdJiGLIKKWJv2DMJQ7OSR9gYLd+uw=="
      },
      "Newtonsoft.Json": {
        "type": "Transitive",
        "resolved": "13.0.4",
        "contentHash": "pdgNNMai3zv51W5aq268sujXUyx7SNdE2bj1wZcWjAQrKMFZV260lbqYop1d2GM67JI1huLRwxo9ZqnfF/lC6A=="
      },
      "SixLabors.ImageSharp": {
        "type": "Transitive",
        "resolved": "3.1.12",
        "contentHash": "iAg6zifihXEFS/t7fiHhZBGAdCp3FavsF4i2ZIDp0JfeYeDVzvmlbY1CNhhIKimaIzrzSi5M/NBFcWvZT2rB/A=="
      },
      "SmallestCSVParser": {
        "type": "Transitive",
        "resolved": "1.2.0",
        "contentHash": "yCc84rzTlnXPEJnrMo7QQUXcnG0em1NAN7BQZxhksvxUo7SGnTW+ya86R34q3EwoUV+hZ4ZoRiLAyEmY7254hA=="
      },
      "Soulseek": {
        "type": "Transitive",
        "resolved": "10.0.2",
        "contentHash": "A28TCGK2PDUXohKXCRTjU+hECLrF1IM9fkHcbF4WgP++OTPlngHDlDSp243LZ2x2O7l7RDypYtUYrsRgre5xoA=="
      },
      "SpotifyAPI.Web": {
        "type": "Transitive",
        "resolved": "7.4.2",
        "contentHash": "DxyIO+oxI7gyqyGJ5QzVWf31JInRDRhqGtTXIKX6HUJBie+aR+OuB4bFSYWNVO6GL4V+Tm3PQBKNBa+UJzchOA==",
        "dependencies": {
          "Newtonsoft.Json": "13.0.3"
        }
      },
      "SpotifyAPI.Web.Auth": {
        "type": "Transitive",
        "resolved": "7.4.2",
        "contentHash": "+Og2S4d8Q/lrZsBXlgPt0FieigtzVHj1Lg6+eDF+5RwVpKsfwQjW7aVfaDyktVCo56T2qOBjbqC/XluIxXGJgQ==",
        "dependencies": {
          "EmbedIO": "3.5.2",
          "SpotifyAPI.Web": "7.4.2"
        }
      },
      "SQLitePCLRaw.bundle_e_sqlite3": {
        "type": "Transitive",
        "resolved": "2.1.11",
        "contentHash": "DC4nA7yWnf4UZdgJDF+9Mus4/cb0Y3Sfgi3gDnAoKNAIBwzkskNAbNbyu+u4atT0ruVlZNJfwZmwiEwE5oz9LQ==",
        "dependencies": {
          "SQLitePCLRaw.lib.e_sqlite3": "2.1.11",
          "SQLitePCLRaw.provider.e_sqlite3": "2.1.11"
        }
      },
      "SQLitePCLRaw.core": {
        "type": "Transitive",
        "resolved": "2.1.11",
        "contentHash": "PK0GLFkfhZzLQeR3PJf71FmhtHox+U3vcY6ZtswoMjrefkB9k6ErNJEnwXqc5KgXDSjige2XXrezqS39gkpQKA=="
      },
      "SQLitePCLRaw.provider.e_sqlite3": {
        "type": "Transitive",
        "resolved": "2.1.11",
        "contentHash": "Y/0ZkR+r0Cg3DQFuCl1RBnv/tmxpIZRU3HUvelPw6MVaKHwYYR8YNvgs0vuNuXCMvlyJ+Fh88U1D4tah1tt6qw==",
        "dependencies": {
          "SQLitePCLRaw.core": "2.1.11"
        }
      },
      "System.CodeDom": {
        "type": "Transitive",
        "resolved": "7.0.0",
        "contentHash": "GLltyqEsE5/3IE+zYRP5sNa1l44qKl9v+bfdMcwg+M9qnQf47wK3H0SUR/T+3N4JEQXF3vV4CSuuo0rsg+nq2A=="
      },
      "System.Management": {
        "type": "Transitive",
        "resolved": "7.0.2",
        "contentHash": "/qEUN91mP/MUQmJnM5y5BdT7ZoPuVrtxnFlbJ8a3kBJGhe2wCzBfnPFtK2wTtEEcf3DMGR9J00GZZfg6HRI6yA==",
        "dependencies": {
          "System.CodeDom": "7.0.0"
        }
      },
      "TagLibSharp": {
        "type": "Transitive",
        "resolved": "2.3.0",
        "contentHash": "Qo4z6ZjnIfbR3Us1Za5M2vQ97OWZPmODvVmepxZ8XW0UIVLGdO2T63/N3b23kCcyiwuIe0TQvMEQG8wUCCD1mA=="
      },
      "Unosquare.Swan.Lite": {
        "type": "Transitive",
        "resolved": "3.1.0",
        "contentHash": "X3s5QE/KMj3WAPFqFve7St+Ds10BB50u8kW8PmKIn7FVkn7yEXe9Yxr2htt1WV85DRqfFR0MN/BUNHkGHtL4OQ=="
      },
      "YoutubeExplode": {
        "type": "Transitive",
        "resolved": "6.6.1",
        "contentHash": "9sVVl1n/YqzVN4olebZuZgMdhNCuYXOUt9KPhyivi90QIfm8QQt7GoTQtPpMJCtON6QUCUGZubBxK2xwlGHRMg=="
      },
      "sockseek.api": {
        "type": "Project",
        "dependencies": {
          "Microsoft.AspNetCore.SignalR.Client": "[10.0.9, )",
          "Microsoft.AspNetCore.SignalR.Protocols.Json": "[10.0.9, )",
          "Sockseek.Core": "[4.0.0, )"
        }
      },
      "sockseek.core": {
        "type": "Project",
        "dependencies": {
          "AngleSharp": "[1.7.1, )",
          "Google.Apis.YouTube.v3": "[1.75.0.4207, )",
          "HtmlAgilityPack": "[1.12.4, )",
          "Microsoft.Extensions.Logging": "[10.0.10, )",
          "SixLabors.ImageSharp": "[3.1.12, )",
          "SmallestCSVParser": "[1.2.0, )",
          "Soulseek": "[10.0.2, )",
          "SpotifyAPI.Web": "[7.4.2, )",
          "SpotifyAPI.Web.Auth": "[7.4.2, )",
          "TagLibSharp": "[2.3.0, )",
          "YoutubeExplode": "[6.6.1, )"
        }
      },
      "sockseek.persistence": {
        "type": "Project",
        "dependencies": {
          "Microsoft.EntityFrameworkCore.Sqlite": "[10.0.9, )",
          "SQLitePCLRaw.lib.e_sqlite3": "[3.53.3, )",
          "Sockseek.Core": "[4.0.0, )"
        }
      },
      "sockseek.server": {
        "type": "Project",
        "dependencies": {
          "Microsoft.AspNetCore.OpenApi": "[10.0.10, )",
          "Microsoft.OpenApi": "[2.9.0, )",
          "Sockseek.Api": "[4.0.0, )",
          "Sockseek.Core": "[4.0.0, )",
          "Sockseek.Persistence": "[4.0.0, )"
        }
      }
    }
  }
}